
Microsoft Visual Studio Solution File, Format Version 12.00
# Visual Studio Version 18
VisualStudioVersion = 18.0.11205.157 d18.0
MinimumVisualStudioVersion = 10.0.40219.1
Project("{2150E333-8FDC-42A3-9474-1A3956D46DE8}") = "src", "src", "{02EA681E-C7D8-13C7-8484-4AC65E1B71E8}"
EndProject
Project("{FAE04EC0-301F-11D3-BF4B-00C04F79EFBC}") = "Api", "src\Api\Api.csproj", "{FE930E47-8548-4377-BEC0-DDD544A438CE}"
EndProject
Project("{2150E333-8FDC-42A3-9474-1A3956D46DE8}") = "Solution Items", "Solution Items", "{8EC462FD-D22E-90A8-E5CE-7E832BA40C5D}"
	ProjectSection(SolutionItems) = preProject
		Directory.Packages.props = Directory.Packages.props
		docs\lazada.md = docs\lazada.md
		.github\workflows\publish-grab-to-nuget.yml = .github\workflows\publish-grab-to-nuget.yml
		.github\workflows\publish-lazada-to-nuget.yml = .github\workflows\publish-lazada-to-nuget.yml
		.github\workflows\publish-shopee-to-nuget.yml = .github\workflows\publish-shopee-to-nuget.yml
		.github\workflows\publish-tiki-to-nuget.yml = .github\workflows\publish-tiki-to-nuget.yml
		README.md = README.md
		docs\shopee.md = docs\shopee.md
		docs\tiki.md = docs\tiki.md
	EndProjectSection
EndProject
Project("{2150E333-8FDC-42A3-9474-1A3956D46DE8}") = "Shopee", "Shopee", "{7C3DF4D8-A6F0-4B6B-856D-2F09A7465D98}"
EndProject
Project("{2150E333-8FDC-42A3-9474-1A3956D46DE8}") = "Lazada", "Lazada", "{B728CAD9-6B85-46D4-BE2A-4D8CFDF5B8A2}"
EndProject
Project("{FAE04EC0-301F-11D3-BF4B-00C04F79EFBC}") = "LazadaSdk.Core", "src\LazadaSdk.Core\LazadaSdk.Core.csproj", "{FE7DFB34-E65D-D4F1-B861-606C212997F6}"
EndProject
Project("{FAE04EC0-301F-11D3-BF4B-00C04F79EFBC}") = "LazadaSdk", "src\LazadaSdk\LazadaSdk.csproj", "{26BF3A8E-9850-8520-2D98-C658109AD4CA}"
EndProject
Project("{2150E333-8FDC-42A3-9474-1A3956D46DE8}") = "Tiki", "Tiki", "{D52326A3-5126-4939-872E-0E63B6E5E774}"
EndProject
Project("{FAE04EC0-301F-11D3-BF4B-00C04F79EFBC}") = "TikiSdk.Core", "src\TikiSdk.Core\TikiSdk.Core.csproj", "{36749619-9A28-1FCC-7295-E8A41F8057C1}"
EndProject
Project("{FAE04EC0-301F-11D3-BF4B-00C04F79EFBC}") = "TikiSdk", "src\TikiSdk\TikiSdk.csproj", "{B4687F11-4595-A0B8-D809-7290AFAD7CC0}"
EndProject
Project("{2150E333-8FDC-42A3-9474-1A3956D46DE8}") = "Grab", "Grab", "{42485B58-D963-4C9F-B647-3104DD4AB49C}"
EndProject
Project("{FAE04EC0-301F-11D3-BF4B-00C04F79EFBC}") = "GrabSdk.GrabMart.Core", "src\GrabSdk.GrabMart.Core\GrabSdk.GrabMart.Core.csproj", "{185B97A7-222C-F955-6DD5-6D40ED3A02DF}"
EndProject
Project("{FAE04EC0-301F-11D3-BF4B-00C04F79EFBC}") = "GrabSdk.GrabMart", "src\GrabSdk.GrabMart\GrabSdk.GrabMart.csproj", "{0273F8F6-027A-D811-8A8E-928278C1BA55}"
EndProject
Project("{FAE04EC0-301F-11D3-BF4B-00C04F79EFBC}") = "GrabSdk.Auth", "src\GrabSdk.Auth\GrabSdk.Auth.csproj", "{1C59DC8D-6C79-41F2-8C5D-CD30EDB19F32}"
EndProject
Project("{FAE04EC0-301F-11D3-BF4B-00C04F79EFBC}") = "GrabSdk.GrabExpress.Core", "src\GrabSdk.GrabExpress.Core\GrabSdk.GrabExpress.Core.csproj", "{2837CA1C-EFAE-741F-2159-BD9295BFD253}"
EndProject
Project("{FAE04EC0-301F-11D3-BF4B-00C04F79EFBC}") = "GrabSdk.GrabExpress", "src\GrabSdk.GrabExpress\GrabSdk.GrabExpress.csproj", "{45F0F5EC-88D2-3C3C-0B21-BA1E0F560A87}"
EndProject
Project("{FAE04EC0-301F-11D3-BF4B-00C04F79EFBC}") = "ShopeeSdk.Core", "src\ShopeeSdk.Core\ShopeeSdk.Core.csproj", "{9469098A-E0CE-3C47-215C-D636F68FC0A3}"
EndProject
Project("{FAE04EC0-301F-11D3-BF4B-00C04F79EFBC}") = "ShopeeSdk", "src\ShopeeSdk\ShopeeSdk.csproj", "{5C49966D-B38C-A089-A141-53C7033B4047}"
EndProject
Global
	GlobalSection(SolutionConfigurationPlatforms) = preSolution
		Debug|Any CPU = Debug|Any CPU
		Release|Any CPU = Release|Any CPU
	EndGlobalSection
	GlobalSection(ProjectConfigurationPlatforms) = postSolution
		{FE930E47-8548-4377-BEC0-DDD544A438CE}.Debug|Any CPU.ActiveCfg = Debug|Any CPU
		{FE930E47-8548-4377-BEC0-DDD544A438CE}.Debug|Any CPU.Build.0 = Debug|Any CPU
		{FE930E47-8548-4377-BEC0-DDD544A438CE}.Release|Any CPU.ActiveCfg = Release|Any CPU
		{FE930E47-8548-4377-BEC0-DDD544A438CE}.Release|Any CPU.Build.0 = Release|Any CPU
		{FE7DFB34-E65D-D4F1-B861-606C212997F6}.Debug|Any CPU.ActiveCfg = Debug|Any CPU
		{FE7DFB34-E65D-D4F1-B861-606C212997F6}.Debug|Any CPU.Build.0 = Debug|Any CPU
		{FE7DFB34-E65D-D4F1-B861-606C212997F6}.Release|Any CPU.ActiveCfg = Release|Any CPU
		{FE7DFB34-E65D-D4F1-B861-606C212997F6}.Release|Any CPU.Build.0 = Release|Any CPU
		{26BF3A8E-9850-8520-2D98-C658109AD4CA}.Debug|Any CPU.ActiveCfg = Debug|Any CPU
		{26BF3A8E-9850-8520-2D98-C658109AD4CA}.Debug|Any CPU.Build.0 = Debug|Any CPU
		{26BF3A8E-9850-8520-2D98-C658109AD4CA}.Release|Any CPU.ActiveCfg = Release|Any CPU
		{26BF3A8E-9850-8520-2D98-C658109AD4CA}.Release|Any CPU.Build.0 = Release|Any CPU
		{36749619-9A28-1FCC-7295-E8A41F8057C1}.Debug|Any CPU.ActiveCfg = Debug|Any CPU
		{36749619-9A28-1FCC-7295-E8A41F8057C1}.Debug|Any CPU.Build.0 = Debug|Any CPU
		{36749619-9A28-1FCC-7295-E8A41F8057C1}.Release|Any CPU.ActiveCfg = Release|Any CPU
		{36749619-9A28-1FCC-7295-E8A41F8057C1}.Release|Any CPU.Build.0 = Release|Any CPU
		{B4687F11-4595-A0B8-D809-7290AFAD7CC0}.Debug|Any CPU.ActiveCfg = Debug|Any CPU
		{B4687F11-4595-A0B8-D809-7290AFAD7CC0}.Debug|Any CPU.Build.0 = Debug|Any CPU
		{B4687F11-4595-A0B8-D809-7290AFAD7CC0}.Release|Any CPU.ActiveCfg = Release|Any CPU
		{B4687F11-4595-A0B8-D809-7290AFAD7CC0}.Release|Any CPU.Build.0 = Release|Any CPU
		{185B97A7-222C-F955-6DD5-6D40ED3A02DF}.Debug|Any CPU.ActiveCfg = Debug|Any CPU
		{185B97A7-222C-F955-6DD5-6D40ED3A02DF}.Debug|Any CPU.Build.0 = Debug|Any CPU
		{185B97A7-222C-F955-6DD5-6D40ED3A02DF}.Release|Any CPU.ActiveCfg = Release|Any CPU
		{185B97A7-222C-F955-6DD5-6D40ED3A02DF}.Release|Any CPU.Build.0 = Release|Any CPU
		{0273F8F6-027A-D811-8A8E-928278C1BA55}.Debug|Any CPU.ActiveCfg = Debug|Any CPU
		{0273F8F6-027A-D811-8A8E-928278C1BA55}.Debug|Any CPU.Build.0 = Debug|Any CPU
		{0273F8F6-027A-D811-8A8E-928278C1BA55}.Release|Any CPU.ActiveCfg = Release|Any CPU
		{0273F8F6-027A-D811-8A8E-928278C1BA55}.Release|Any CPU.Build.0 = Release|Any CPU
		{1C59DC8D-6C79-41F2-8C5D-CD30EDB19F32}.Debug|Any CPU.ActiveCfg = Debug|Any CPU
		{1C59DC8D-6C79-41F2-8C5D-CD30EDB19F32}.Debug|Any CPU.Build.0 = Debug|Any CPU
		{1C59DC8D-6C79-41F2-8C5D-CD30EDB19F32}.Release|Any CPU.ActiveCfg = Release|Any CPU
		{1C59DC8D-6C79-41F2-8C5D-CD30EDB19F32}.Release|Any CPU.Build.0 = Release|Any CPU
		{2837CA1C-EFAE-741F-2159-BD9295BFD253}.Debug|Any CPU.ActiveCfg = Debug|Any CPU
		{2837CA1C-EFAE-741F-2159-BD9295BFD253}.Debug|Any CPU.Build.0 = Debug|Any CPU
		{2837CA1C-EFAE-741F-2159-BD9295BFD253}.Release|Any CPU.ActiveCfg = Release|Any CPU
		{2837CA1C-EFAE-741F-2159-BD9295BFD253}.Release|Any CPU.Build.0 = Release|Any CPU
		{45F0F5EC-88D2-3C3C-0B21-BA1E0F560A87}.Debug|Any CPU.ActiveCfg = Debug|Any CPU
		{45F0F5EC-88D2-3C3C-0B21-BA1E0F560A87}.Debug|Any CPU.Build.0 = Debug|Any CPU
		{45F0F5EC-88D2-3C3C-0B21-BA1E0F560A87}.Release|Any CPU.ActiveCfg = Release|Any CPU
		{45F0F5EC-88D2-3C3C-0B21-BA1E0F560A87}.Release|Any CPU.Build.0 = Release|Any CPU
		{9469098A-E0CE-3C47-215C-D636F68FC0A3}.Debug|Any CPU.ActiveCfg = Debug|Any CPU
		{9469098A-E0CE-3C47-215C-D636F68FC0A3}.Debug|Any CPU.Build.0 = Debug|Any CPU
		{9469098A-E0CE-3C47-215C-D636F68FC0A3}.Release|Any CPU.ActiveCfg = Release|Any CPU
		{9469098A-E0CE-3C47-215C-D636F68FC0A3}.Release|Any CPU.Build.0 = Release|Any CPU
		{5C49966D-B38C-A089-A141-53C7033B4047}.Debug|Any CPU.ActiveCfg = Debug|Any CPU
		{5C49966D-B38C-A089-A141-53C7033B4047}.Debug|Any CPU.Build.0 = Debug|Any CPU
		{5C49966D-B38C-A089-A141-53C7033B4047}.Release|Any CPU.ActiveCfg = Release|Any CPU
		{5C49966D-B38C-A089-A141-53C7033B4047}.Release|Any CPU.Build.0 = Release|Any CPU
	EndGlobalSection
	GlobalSection(SolutionProperties) = preSolution
		HideSolutionNode = FALSE
	EndGlobalSection
	GlobalSection(NestedProjects) = preSolution
		{FE930E47-8548-4377-BEC0-DDD544A438CE} = {02EA681E-C7D8-13C7-8484-4AC65E1B71E8}
		{7C3DF4D8-A6F0-4B6B-856D-2F09A7465D98} = {02EA681E-C7D8-13C7-8484-4AC65E1B71E8}
		{B728CAD9-6B85-46D4-BE2A-4D8CFDF5B8A2} = {02EA681E-C7D8-13C7-8484-4AC65E1B71E8}
		{FE7DFB34-E65D-D4F1-B861-606C212997F6} = {B728CAD9-6B85-46D4-BE2A-4D8CFDF5B8A2}
		{26BF3A8E-9850-8520-2D98-C658109AD4CA} = {B728CAD9-6B85-46D4-BE2A-4D8CFDF5B8A2}
		{D52326A3-5126-4939-872E-0E63B6E5E774} = {02EA681E-C7D8-13C7-8484-4AC65E1B71E8}
		{36749619-9A28-1FCC-7295-E8A41F8057C1} = {D52326A3-5126-4939-872E-0E63B6E5E774}
		{B4687F11-4595-A0B8-D809-7290AFAD7CC0} = {D52326A3-5126-4939-872E-0E63B6E5E774}
		{42485B58-D963-4C9F-B647-3104DD4AB49C} = {02EA681E-C7D8-13C7-8484-4AC65E1B71E8}
		{185B97A7-222C-F955-6DD5-6D40ED3A02DF} = {42485B58-D963-4C9F-B647-3104DD4AB49C}
		{0273F8F6-027A-D811-8A8E-928278C1BA55} = {42485B58-D963-4C9F-B647-3104DD4AB49C}
		{1C59DC8D-6C79-41F2-8C5D-CD30EDB19F32} = {42485B58-D963-4C9F-B647-3104DD4AB49C}
		{2837CA1C-EFAE-741F-2159-BD9295BFD253} = {42485B58-D963-4C9F-B647-3104DD4AB49C}
		{45F0F5EC-88D2-3C3C-0B21-BA1E0F560A87} = {42485B58-D963-4C9F-B647-3104DD4AB49C}
		{9469098A-E0CE-3C47-215C-D636F68FC0A3} = {7C3DF4D8-A6F0-4B6B-856D-2F09A7465D98}
		{5C49966D-B38C-A089-A141-53C7033B4047} = {7C3DF4D8-A6F0-4B6B-856D-2F09A7465D98}
	EndGlobalSection
	GlobalSection(ExtensibilityGlobals) = postSolution
		SolutionGuid = {41E98D4C-1CAC-46CC-BE5C-0242D5CE7C91}
	EndGlobalSection
EndGlobal
